
Microsoft Visual Studio Solution File, Format Version 12.00
# Visual Studio Version 17
VisualStudioVersion = 17.9.34714.143
MinimumVisualStudioVersion = 10.0.40219.1
Project("{9A19103F-16F7-4668-BE54-9A1E7A4F7556}") = "HA.WebAPI", "HA.WebAPI\HA.WebAPI.csproj", "{141EF1DA-873E-4340-B447-28D0347215DB}"
EndProject
Project("{2150E333-8FDC-42A3-9474-1A3956D46DE8}") = "Services", "Services", "{55C5CA14-EDEF-42E0-B129-382A7081A98A}"
EndProject
Project("{2150E333-8FDC-42A3-9474-1A3956D46DE8}") = "Auth", "Auth", "{11FDD8D0-0FF1-46A7-9317-08AF2704AD58}"
EndProject
Project("{2150E333-8FDC-42A3-9474-1A3956D46DE8}") = "Shared", "Shared", "{96AF40C1-9D48-45F4-A367-9DEE40B7511E}"
EndProject
Project("{9A19103F-16F7-4668-BE54-9A1E7A4F7556}") = "HA.Auth.Domain", "Services\Auth\HA.Auth.Domain\HA.Auth.Domain.csproj", "{BFDA7929-DB56-49F7-982A-D0B878959EDB}"
EndProject
Project("{9A19103F-16F7-4668-BE54-9A1E7A4F7556}") = "HA.Auth.ApplicationService", "Services\Auth\HA.Auth.ApplicationService\HA.Auth.ApplicationService.csproj", "{E0F82C84-1C92-474D-84BB-6E147153BE04}"
EndProject
Project("{9A19103F-16F7-4668-BE54-9A1E7A4F7556}") = "HA.Auth.Dtos", "Services\Auth\HA.Auth.Dtos\HA.Auth.Dtos.csproj", "{7151530B-B10A-4D5A-9D45-5D9076CE213D}"
EndProject
Project("{9A19103F-16F7-4668-BE54-9A1E7A4F7556}") = "HA.Shared.ApplicationService", "Services\Shared\HA.Shared.ApplicationService\HA.Shared.ApplicationService.csproj", "{37036EC5-5165-4D4D-BEA8-23CBCD10E978}"
EndProject
Project("{9A19103F-16F7-4668-BE54-9A1E7A4F7556}") = "HA.Constan", "Services\Shared\HA.Auth.Constan\HA.Constan.csproj", "{BBDC5CDB-7C73-4BFA-AA0E-39035D314CC8}"
EndProject
Project("{9A19103F-16F7-4668-BE54-9A1E7A4F7556}") = "HA.Auth.Infrastructure", "Services\Auth\HA.Auth.Infrastructure\HA.Auth.Infrastructure\HA.Auth.Infrastructure.csproj", "{DDEAB63A-6BB8-415A-A621-316C7E86DC24}"
EndProject
Project("{2150E333-8FDC-42A3-9474-1A3956D46DE8}") = "Product", "Product", "{AC505CB8-6D6D-4506-AC95-6D2B9E3AA8C3}"
EndProject
Project("{9A19103F-16F7-4668-BE54-9A1E7A4F7556}") = "HA.Product.Dtos", "Services\Product\HA.Product.Dtos\HA.Product.Dtos.csproj", "{D200A07C-8C01-414A-A1A2-E4C81EC6060B}"
EndProject
Project("{9A19103F-16F7-4668-BE54-9A1E7A4F7556}") = "HA.Product.Domain", "Services\Product\HA.Product.Domain\HA.Product.Domain.csproj", "{3837D288-A853-490C-84AC-1E8DCA46E092}"
EndProject
Project("{9A19103F-16F7-4668-BE54-9A1E7A4F7556}") = "HA.Product.ApplicationService", "Services\Product\HA.Product.ApplicationService\HA.Product.ApplicationService.csproj", "{F8E2B92E-7607-4EF7-A926-8FFCD7DACAE4}"
EndProject
Project("{9A19103F-16F7-4668-BE54-9A1E7A4F7556}") = "HA.Product.Infrastructure", "Services\Product\HA.Product.Infrastructure\HA.Product.Infrastructure.csproj", "{01183C77-E1D4-4835-BCFB-602B03011342}"
EndProject
Project("{2150E333-8FDC-42A3-9474-1A3956D46DE8}") = "Order", "Order", "{D2A9F1DA-A898-461C-A7EF-894BE4FDB6A7}"
EndProject
Project("{2150E333-8FDC-42A3-9474-1A3956D46DE8}") = "Payment", "Payment", "{9556F46C-29F7-430E-B173-E50725331CF4}"
EndProject
Project("{9A19103F-16F7-4668-BE54-9A1E7A4F7556}") = "HA.Order.ApplicationService", "Services\Order\HA.Order.ApplicationService\HA.Order.ApplicationService.csproj", "{BC4B8319-65C2-4CC0-99DD-BCC31C5F6EF9}"
EndProject
Project("{9A19103F-16F7-4668-BE54-9A1E7A4F7556}") = "HA.Order.Domain", "Services\Order\HA.Order.Domain\HA.Order.Domain.csproj", "{362A6F2E-0978-4447-9039-C2635B63BABC}"
EndProject
Project("{9A19103F-16F7-4668-BE54-9A1E7A4F7556}") = "HA.Order.Infrastructure", "Services\Order\HA.Order.Infrastructure\HA.Order.Infrastructure.csproj", "{649ED661-A42B-4E8B-AEAE-43DCAEDCE582}"
EndProject
Project("{9A19103F-16F7-4668-BE54-9A1E7A4F7556}") = "HA.Order.Dtos", "Services\Order\HA.Order.Dtos\HA.Order.Dtos.csproj", "{E437E8FD-F5B3-4430-B157-E8DA333B2918}"
EndProject
Project("{2150E333-8FDC-42A3-9474-1A3956D46DE8}") = "AuthConfi", "AuthConfi", "{FBCA501F-1CC0-4B48-A9FA-E607414BA7F6}"
EndProject
Project("{FAE04EC0-301F-11D3-BF4B-00C04F79EFBC}") = "HA.Shared.Connects", "Services\Shared\HA.Shared.Connects\HA.Shared.Connects.csproj", "{1C3BC3C6-57A1-4B50-AD1D-BCCADC134ACA}"
EndProject
Global
	GlobalSection(SolutionConfigurationPlatforms) = preSolution
		Debug|Any CPU = Debug|Any CPU
		Release|Any CPU = Release|Any CPU
	EndGlobalSection
	GlobalSection(ProjectConfigurationPlatforms) = postSolution
		{141EF1DA-873E-4340-B447-28D0347215DB}.Debug|Any CPU.ActiveCfg = Debug|Any CPU
		{141EF1DA-873E-4340-B447-28D0347215DB}.Debug|Any CPU.Build.0 = Debug|Any CPU
		{141EF1DA-873E-4340-B447-28D0347215DB}.Release|Any CPU.ActiveCfg = Release|Any CPU
		{141EF1DA-873E-4340-B447-28D0347215DB}.Release|Any CPU.Build.0 = Release|Any CPU
		{BFDA7929-DB56-49F7-982A-D0B878959EDB}.Debug|Any CPU.ActiveCfg = Debug|Any CPU
		{BFDA7929-DB56-49F7-982A-D0B878959EDB}.Debug|Any CPU.Build.0 = Debug|Any CPU
		{BFDA7929-DB56-49F7-982A-D0B878959EDB}.Release|Any CPU.ActiveCfg = Release|Any CPU
		{BFDA7929-DB56-49F7-982A-D0B878959EDB}.Release|Any CPU.Build.0 = Release|Any CPU
		{E0F82C84-1C92-474D-84BB-6E147153BE04}.Debug|Any CPU.ActiveCfg = Debug|Any CPU
		{E0F82C84-1C92-474D-84BB-6E147153BE04}.Debug|Any CPU.Build.0 = Debug|Any CPU
		{E0F82C84-1C92-474D-84BB-6E147153BE04}.Release|Any CPU.ActiveCfg = Release|Any CPU
		{E0F82C84-1C92-474D-84BB-6E147153BE04}.Release|Any CPU.Build.0 = Release|Any CPU
		{7151530B-B10A-4D5A-9D45-5D9076CE213D}.Debug|Any CPU.ActiveCfg = Debug|Any CPU
		{7151530B-B10A-4D5A-9D45-5D9076CE213D}.Debug|Any CPU.Build.0 = Debug|Any CPU
		{7151530B-B10A-4D5A-9D45-5D9076CE213D}.Release|Any CPU.ActiveCfg = Release|Any CPU
		{7151530B-B10A-4D5A-9D45-5D9076CE213D}.Release|Any CPU.Build.0 = Release|Any CPU
		{37036EC5-5165-4D4D-BEA8-23CBCD10E978}.Debug|Any CPU.ActiveCfg = Debug|Any CPU
		{37036EC5-5165-4D4D-BEA8-23CBCD10E978}.Debug|Any CPU.Build.0 = Debug|Any CPU
		{37036EC5-5165-4D4D-BEA8-23CBCD10E978}.Release|Any CPU.ActiveCfg = Release|Any CPU
		{37036EC5-5165-4D4D-BEA8-23CBCD10E978}.Release|Any CPU.Build.0 = Release|Any CPU
		{BBDC5CDB-7C73-4BFA-AA0E-39035D314CC8}.Debug|Any CPU.ActiveCfg = Debug|Any CPU
		{BBDC5CDB-7C73-4BFA-AA0E-39035D314CC8}.Debug|Any CPU.Build.0 = Debug|Any CPU
		{BBDC5CDB-7C73-4BFA-AA0E-39035D314CC8}.Release|Any CPU.ActiveCfg = Release|Any CPU
		{BBDC5CDB-7C73-4BFA-AA0E-39035D314CC8}.Release|Any CPU.Build.0 = Release|Any CPU
		{DDEAB63A-6BB8-415A-A621-316C7E86DC24}.Debug|Any CPU.ActiveCfg = Debug|Any CPU
		{DDEAB63A-6BB8-415A-A621-316C7E86DC24}.Debug|Any CPU.Build.0 = Debug|Any CPU
		{DDEAB63A-6BB8-415A-A621-316C7E86DC24}.Release|Any CPU.ActiveCfg = Release|Any CPU
		{DDEAB63A-6BB8-415A-A621-316C7E86DC24}.Release|Any CPU.Build.0 = Release|Any CPU
		{D200A07C-8C01-414A-A1A2-E4C81EC6060B}.Debug|Any CPU.ActiveCfg = Debug|Any CPU
		{D200A07C-8C01-414A-A1A2-E4C81EC6060B}.Debug|Any CPU.Build.0 = Debug|Any CPU
		{D200A07C-8C01-414A-A1A2-E4C81EC6060B}.Release|Any CPU.ActiveCfg = Release|Any CPU
		{D200A07C-8C01-414A-A1A2-E4C81EC6060B}.Release|Any CPU.Build.0 = Release|Any CPU
		{3837D288-A853-490C-84AC-1E8DCA46E092}.Debug|Any CPU.ActiveCfg = Debug|Any CPU
		{3837D288-A853-490C-84AC-1E8DCA46E092}.Debug|Any CPU.Build.0 = Debug|Any CPU
		{3837D288-A853-490C-84AC-1E8DCA46E092}.Release|Any CPU.ActiveCfg = Release|Any CPU
		{3837D288-A853-490C-84AC-1E8DCA46E092}.Release|Any CPU.Build.0 = Release|Any CPU
		{F8E2B92E-7607-4EF7-A926-8FFCD7DACAE4}.Debug|Any CPU.ActiveCfg = Debug|Any CPU
		{F8E2B92E-7607-4EF7-A926-8FFCD7DACAE4}.Debug|Any CPU.Build.0 = Debug|Any CPU
		{F8E2B92E-7607-4EF7-A926-8FFCD7DACAE4}.Release|Any CPU.ActiveCfg = Release|Any CPU
		{F8E2B92E-7607-4EF7-A926-8FFCD7DACAE4}.Release|Any CPU.Build.0 = Release|Any CPU
		{01183C77-E1D4-4835-BCFB-602B03011342}.Debug|Any CPU.ActiveCfg = Debug|Any CPU
		{01183C77-E1D4-4835-BCFB-602B03011342}.Debug|Any CPU.Build.0 = Debug|Any CPU
		{01183C77-E1D4-4835-BCFB-602B03011342}.Release|Any CPU.ActiveCfg = Release|Any CPU
		{01183C77-E1D4-4835-BCFB-602B03011342}.Release|Any CPU.Build.0 = Release|Any CPU
		{BC4B8319-65C2-4CC0-99DD-BCC31C5F6EF9}.Debug|Any CPU.ActiveCfg = Debug|Any CPU
		{BC4B8319-65C2-4CC0-99DD-BCC31C5F6EF9}.Debug|Any CPU.Build.0 = Debug|Any CPU
		{BC4B8319-65C2-4CC0-99DD-BCC31C5F6EF9}.Release|Any CPU.ActiveCfg = Release|Any CPU
		{BC4B8319-65C2-4CC0-99DD-BCC31C5F6EF9}.Release|Any CPU.Build.0 = Release|Any CPU
		{362A6F2E-0978-4447-9039-C2635B63BABC}.Debug|Any CPU.ActiveCfg = Debug|Any CPU
		{362A6F2E-0978-4447-9039-C2635B63BABC}.Debug|Any CPU.Build.0 = Debug|Any CPU
		{362A6F2E-0978-4447-9039-C2635B63BABC}.Release|Any CPU.ActiveCfg = Release|Any CPU
		{362A6F2E-0978-4447-9039-C2635B63BABC}.Release|Any CPU.Build.0 = Release|Any CPU
		{649ED661-A42B-4E8B-AEAE-43DCAEDCE582}.Debug|Any CPU.ActiveCfg = Debug|Any CPU
		{649ED661-A42B-4E8B-AEAE-43DCAEDCE582}.Debug|Any CPU.Build.0 = Debug|Any CPU
		{649ED661-A42B-4E8B-AEAE-43DCAEDCE582}.Release|Any CPU.ActiveCfg = Release|Any CPU
		{649ED661-A42B-4E8B-AEAE-43DCAEDCE582}.Release|Any CPU.Build.0 = Release|Any CPU
		{E437E8FD-F5B3-4430-B157-E8DA333B2918}.Debug|Any CPU.ActiveCfg = Debug|Any CPU
		{E437E8FD-F5B3-4430-B157-E8DA333B2918}.Debug|Any CPU.Build.0 = Debug|Any CPU
		{E437E8FD-F5B3-4430-B157-E8DA333B2918}.Release|Any CPU.ActiveCfg = Release|Any CPU
		{E437E8FD-F5B3-4430-B157-E8DA333B2918}.Release|Any CPU.Build.0 = Release|Any CPU
		{1C3BC3C6-57A1-4B50-AD1D-BCCADC134ACA}.Debug|Any CPU.ActiveCfg = Debug|Any CPU
		{1C3BC3C6-57A1-4B50-AD1D-BCCADC134ACA}.Debug|Any CPU.Build.0 = Debug|Any CPU
		{1C3BC3C6-57A1-4B50-AD1D-BCCADC134ACA}.Release|Any CPU.ActiveCfg = Release|Any CPU
		{1C3BC3C6-57A1-4B50-AD1D-BCCADC134ACA}.Release|Any CPU.Build.0 = Release|Any CPU
	EndGlobalSection
	GlobalSection(SolutionProperties) = preSolution
		HideSolutionNode = FALSE
	EndGlobalSection
	GlobalSection(NestedProjects) = preSolution
		{11FDD8D0-0FF1-46A7-9317-08AF2704AD58} = {55C5CA14-EDEF-42E0-B129-382A7081A98A}
		{96AF40C1-9D48-45F4-A367-9DEE40B7511E} = {55C5CA14-EDEF-42E0-B129-382A7081A98A}
		{BFDA7929-DB56-49F7-982A-D0B878959EDB} = {11FDD8D0-0FF1-46A7-9317-08AF2704AD58}
		{E0F82C84-1C92-474D-84BB-6E147153BE04} = {11FDD8D0-0FF1-46A7-9317-08AF2704AD58}
		{7151530B-B10A-4D5A-9D45-5D9076CE213D} = {11FDD8D0-0FF1-46A7-9317-08AF2704AD58}
		{37036EC5-5165-4D4D-BEA8-23CBCD10E978} = {96AF40C1-9D48-45F4-A367-9DEE40B7511E}
		{BBDC5CDB-7C73-4BFA-AA0E-39035D314CC8} = {96AF40C1-9D48-45F4-A367-9DEE40B7511E}
		{DDEAB63A-6BB8-415A-A621-316C7E86DC24} = {11FDD8D0-0FF1-46A7-9317-08AF2704AD58}
		{AC505CB8-6D6D-4506-AC95-6D2B9E3AA8C3} = {55C5CA14-EDEF-42E0-B129-382A7081A98A}
		{D200A07C-8C01-414A-A1A2-E4C81EC6060B} = {AC505CB8-6D6D-4506-AC95-6D2B9E3AA8C3}
		{3837D288-A853-490C-84AC-1E8DCA46E092} = {AC505CB8-6D6D-4506-AC95-6D2B9E3AA8C3}
		{F8E2B92E-7607-4EF7-A926-8FFCD7DACAE4} = {AC505CB8-6D6D-4506-AC95-6D2B9E3AA8C3}
		{01183C77-E1D4-4835-BCFB-602B03011342} = {AC505CB8-6D6D-4506-AC95-6D2B9E3AA8C3}
		{D2A9F1DA-A898-461C-A7EF-894BE4FDB6A7} = {55C5CA14-EDEF-42E0-B129-382A7081A98A}
		{9556F46C-29F7-430E-B173-E50725331CF4} = {55C5CA14-EDEF-42E0-B129-382A7081A98A}
		{BC4B8319-65C2-4CC0-99DD-BCC31C5F6EF9} = {D2A9F1DA-A898-461C-A7EF-894BE4FDB6A7}
		{362A6F2E-0978-4447-9039-C2635B63BABC} = {D2A9F1DA-A898-461C-A7EF-894BE4FDB6A7}
		{649ED661-A42B-4E8B-AEAE-43DCAEDCE582} = {D2A9F1DA-A898-461C-A7EF-894BE4FDB6A7}
		{E437E8FD-F5B3-4430-B157-E8DA333B2918} = {D2A9F1DA-A898-461C-A7EF-894BE4FDB6A7}
		{FBCA501F-1CC0-4B48-A9FA-E607414BA7F6} = {55C5CA14-EDEF-42E0-B129-382A7081A98A}
		{1C3BC3C6-57A1-4B50-AD1D-BCCADC134ACA} = {96AF40C1-9D48-45F4-A367-9DEE40B7511E}
	EndGlobalSection
	GlobalSection(ExtensibilityGlobals) = postSolution
		SolutionGuid = {C0162C3B-FF10-411D-B580-DD418707DD51}
	EndGlobalSection
EndGlobal
